
Microsoft Visual Studio Solution File, Format Version 12.00
# Visual Studio Version 16
VisualStudioVersion = 16.0.31112.23
MinimumVisualStudioVersion = 10.0.40219.1
Project("{FAE04EC0-301F-11D3-BF4B-00C04F79EFBC}") = "QuizShowApplication", "QuizShowApplication\QuizShowApplication.csproj", "{F38C49F8-B31F-4DC9-9653-B16E721AA543}"
EndProject
Global
	GlobalSection(SolutionConfigurationPlatforms) = preSolution
		Debug|Any CPU = Debug|Any CPU
		Release|Any CPU = Release|Any CPU
	EndGlobalSection
	GlobalSection(ProjectConfigurationPlatforms) = postSolution
		{F38C49F8-B31F-4DC9-9653-B16E721AA543}.Debug|Any CPU.ActiveCfg = Debug|Any CPU
		{F38C49F8-B31F-4DC9-9653-B16E721AA543}.Debug|Any CPU.Build.0 = Debug|Any CPU
		{F38C49F8-B31F-4DC9-9653-B16E721AA543}.Release|Any CPU.ActiveCfg = Release|Any CPU
		{F38C49F8-B31F-4DC9-9653-B16E721AA543}.Release|Any CPU.Build.0 = Release|Any CPU
	EndGlobalSection
	GlobalSection(SolutionProperties) = preSolution
		HideSolutionNode = FALSE
	EndGlobalSection
	GlobalSection(ExtensibilityGlobals) = postSolution
		SolutionGuid = {8DA8F6B8-B825-4A02-8445-4CA3859B3AFE}
	EndGlobalSection
EndGlobal
